
Microsoft Visual Studio Solution File, Format Version 12.00
# Visual Studio Version 17
VisualStudioVersion = 17.6.33815.320
MinimumVisualStudioVersion = 10.0.40219.1
Project("{9A19103F-16F7-4668-BE54-9A1E7A4F7556}") = "WebRadio", "WebRadio\WebRadio.csproj", "{9D5A280E-1CD0-4A25-A403-9A7404905181}"
EndProject
Global
	GlobalSection(SolutionConfigurationPlatforms) = preSolution
		Debug|Any CPU = Debug|Any CPU
		Debug|x64 = Debug|x64
		Release|Any CPU = Release|Any CPU
		Release|x64 = Release|x64
	EndGlobalSection
	GlobalSection(ProjectConfigurationPlatforms) = postSolution
		{9D5A280E-1CD0-4A25-A403-9A7404905181}.Debug|Any CPU.ActiveCfg = Debug|x64
		{9D5A280E-1CD0-4A25-A403-9A7404905181}.Debug|Any CPU.Build.0 = Debug|x64
		{9D5A280E-1CD0-4A25-A403-9A7404905181}.Debug|x64.ActiveCfg = Debug|x64
		{9D5A280E-1CD0-4A25-A403-9A7404905181}.Debug|x64.Build.0 = Debug|x64
		{9D5A280E-1CD0-4A25-A403-9A7404905181}.Release|Any CPU.ActiveCfg = Release|x64
		{9D5A280E-1CD0-4A25-A403-9A7404905181}.Release|Any CPU.Build.0 = Release|x64
		{9D5A280E-1CD0-4A25-A403-9A7404905181}.Release|x64.ActiveCfg = Release|x64
		{9D5A280E-1CD0-4A25-A403-9A7404905181}.Release|x64.Build.0 = Release|x64
	EndGlobalSection
	GlobalSection(SolutionProperties) = preSolution
		HideSolutionNode = FALSE
	EndGlobalSection
	GlobalSection(ExtensibilityGlobals) = postSolution
		SolutionGuid = {945719E2-73B6-45B8-8DD9-6BA115F18A6D}
	EndGlobalSection
EndGlobal
